{
  "name": "js-ts",
  "version": "1.0.0",
  "lockfileVersion": 3,
  "requires": true,
  "packages": {
    "": {
      "name": "js-ts",
      "version": "1.0.0",
      "license": "ISC",
      "dependencies": {
        "@canva/design": "^2.8.0",
        "@canva/platform": "^2.2.2",
        "@fortawesome/fontawesome-svg-core": "^7.2.0",
        "@fortawesome/free-brands-svg-icons": "^7.2.0",
        "@fortawesome/free-regular-svg-icons": "^7.2.0",
        "@fortawesome/free-solid-svg-icons": "^7.2.0",
        "konva": "^10.3.0"
      }
    },
    "node_modules/@canva/design": {
      "version": "2.8.0",
      "resolved": "https://registry.npmjs.org/@canva/design/-/design-2.8.0.tgz",
      "integrity": "sha512-RqR+4m8Mm46wdV+dTDaeR+z+4XkAKXeYafEudFuzOxhYT5KGveiLhGO8igJacb0ctdfMRrZAQcv7+ABwoLns6Q==",
      "peerDependencies": {
        "@canva/error": "^2.0.0"
      }
    },
    "node_modules/@canva/error": {
      "version": "2.2.1",
      "resolved": "https://registry.npmjs.org/@canva/error/-/error-2.2.1.tgz",
      "integrity": "sha512-b5GQMggNaLqtQdN4ENXx2PifFNTO9Ulw8TEwbMZjbPmLS7cAQPfQvXqb0SwPcQ2LQhCIanErrcpOPxQ4s60QNA==",
      "peer": true
    },
    "node_modules/@canva/platform": {
      "version": "2.2.2",
      "resolved": "https://registry.npmjs.org/@canva/platform/-/platform-2.2.2.tgz",
      "integrity": "sha512-T5odSd3GirGzDBEoPwHfpDZdiZlUoTMEg6F71pD8hzPsA5hXGEtvBauhnELHJiJoSfQ1AXMsbm64P57QQnZYhA==",
      "peerDependencies": {
        "@canva/error": "^2.0.0"
      }
    },
    "node_modules/@fortawesome/fontawesome-common-types": {
      "version": "7.2.0",
      "resolved": "https://registry.npmjs.org/@fortawesome/fontawesome-common-types/-/fontawesome-common-types-7.2.0.tgz",
      "integrity": "sha512-IpR0bER9FY25p+e7BmFH25MZKEwFHTfRAfhOyJubgiDnoJNsSvJ7nigLraHtp4VOG/cy8D7uiV0dLkHOne5Fhw==",
      "engines": {
        "node": ">=6"
      }
    },
    "node_modules/@fortawesome/fontawesome-svg-core": {
      "version": "7.2.0",
      "resolved": "https://registry.npmjs.org/@fortawesome/fontawesome-svg-core/-/fontawesome-svg-core-7.2.0.tgz",
      "integrity": "sha512-6639htZMjEkwskf3J+e6/iar+4cTNM9qhoWuRfj9F3eJD6r7iCzV1SWnQr2Mdv0QT0suuqU8BoJCZUyCtP9R4Q==",
      "dependencies": {
        "@fortawesome/fontawesome-common-types": "7.2.0"
      },
      "engines": {
        "node": ">=6"
      }
    },
    "node_modules/@fortawesome/free-brands-svg-icons": {
      "version": "7.2.0",
      "resolved": "https://registry.npmjs.org/@fortawesome/free-brands-svg-icons/-/free-brands-svg-icons-7.2.0.tgz",
      "integrity": "sha512-VNG8xqOip1JuJcC3zsVsKRQ60oXG9+oYNDCosjoU/H9pgYmLTEwWw8pE0jhPz/JWdHeUuK6+NQ3qsM4gIbdbYQ==",
      "dependencies": {
        "@fortawesome/fontawesome-common-types": "7.2.0"
      },
      "engines": {
        "node": ">=6"
      }
    },
    "node_modules/@fortawesome/free-regular-svg-icons": {
      "version": "7.2.0",
      "resolved": "https://registry.npmjs.org/@fortawesome/free-regular-svg-icons/-/free-regular-svg-icons-7.2.0.tgz",
      "integrity": "sha512-iycmlN51EULlQ4D/UU9WZnHiN0CvjJ2TuuCrAh+1MVdzD+4ViKYH2deNAll4XAAYlZa8WAefHR5taSK8hYmSMw==",
      "dependencies": {
        "@fortawesome/fontawesome-common-types": "7.2.0"
      },
      "engines": {
        "node": ">=6"
      }
    },
    "node_modules/@fortawesome/free-solid-svg-icons": {
      "version": "7.2.0",
      "resolved": "https://registry.npmjs.org/@fortawesome/free-solid-svg-icons/-/free-solid-svg-icons-7.2.0.tgz",
      "integrity": "sha512-YTVITFGN0/24PxzXrwqCgnyd7njDuzp5ZvaCx5nq/jg55kUYd94Nj8UTchBdBofi/L0nwRfjGOg0E41d2u9T1w==",
      "dependencies": {
        "@fortawesome/fontawesome-common-types": "7.2.0"
      },
      "engines": {
        "node": ">=6"
      }
    },
    "node_modules/konva": {
      "version": "10.3.0",
      "resolved": "https://registry.npmjs.org/konva/-/konva-10.3.0.tgz",
      "integrity": "sha512-gt19K2gzY4lHbnkvsku7eSmB+A9PTS2jG4F9coBMsdjM1UKfJNxJbDbXVpeCW1wjEGRwBD3nBamcHnqJhAeKlg==",
      "funding": [
        {
          "type": "patreon",
          "url": "https://www.patreon.com/lavrton"
        },
        {
          "type": "opencollective",
          "url": "https://opencollective.com/konva"
        },
        {
          "type": "github",
          "url": "https://github.com/sponsors/lavrton"
        }
      ]
    }
  }
}
